<Solution>
  <Folder Name="/assets/">
    <File Path="Build.ps1" />
    <File Path="Directory.Build.props" />
    <File Path="Directory.Version.props" />
    <File Path="LICENSE" />
    <File Path="README.md" />
    <File Path=".github/workflows/ci.yml" />
  </Folder>
  <Project Path="src/ByteGuard.SecurityHeaders/ByteGuard.SecurityHeaders.csproj" />
</Solution>
